{
  "name": "motion-graphics",
  "version": "1.0.0",
  "lockfileVersion": 3,
  "requires": true,
  "packages": {
    "": {
      "name": "motion-graphics",
      "version": "1.0.0",
      "devDependencies": {
        "@fontsource-variable/bodoni-moda": "^5.3.0",
        "@fontsource-variable/caveat": "^5.3.0",
        "@fontsource-variable/inter": "^5.3.0",
        "@fontsource-variable/inter-tight": "^5.3.0",
        "@fontsource/anton": "^5.3.0",
        "@fontsource/bebas-neue": "^5.3.0",
        "@fontsource/fraunces": "^5.3.0",
        "@fontsource/instrument-serif": "^5.3.0",
        "@fontsource/jetbrains-mono": "^5.3.0",
        "@fontsource/league-gothic": "^5.3.0",
        "@fontsource/old-standard-tt": "^5.3.0",
        "@fontsource/playfair-display": "^5.3.0",
        "@fontsource/space-grotesk": "^5.3.0",
        "@fontsource/special-elite": "^5.3.0",
        "@fontsource/syne": "^5.3.0",
        "@fontsource/unbounded": "^5.3.0",
        "playwright": "^1.56.1",
        "ws": "^8.22.0"
      }
    },
    "node_modules/@fontsource-variable/bodoni-moda": {
      "version": "5.3.0",
      "resolved": "https://registry.npmjs.org/@fontsource-variable/bodoni-moda/-/bodoni-moda-5.3.0.tgz",
      "integrity": "sha512-yTDXk4+/J8I20KjtkHBbXDQNeE5PR3BZa0gv/YRza+kyxsz+mmg0la/n/hsr6+WvSfVP7Lc8lRTjHGIYwBW43A==",
      "dev": true,
      "license": "OFL-1.1",
      "funding": {
        "url": "https://github.com/sponsors/ayuhito"
      }
    },
    "node_modules/@fontsource-variable/caveat": {
      "version": "5.3.0",
      "resolved": "https://registry.npmjs.org/@fontsource-variable/caveat/-/caveat-5.3.0.tgz",
      "integrity": "sha512-Q3mjghoYIlXgwqBPJKZ4q6f3zu921Gq7UU76r9Z+NAmhapHfX130GIFpOCYf8vt2SIcgCi9RHDT7anfJKg/kiA==",
      "dev": true,
      "license": "OFL-1.1",
      "funding": {
        "url": "https://github.com/sponsors/ayuhito"
      }
    },
    "node_modules/@fontsource-variable/inter": {
      "version": "5.3.0",
      "resolved": "https://registry.npmjs.org/@fontsource-variable/inter/-/inter-5.3.0.tgz",
      "integrity": "sha512-OupL48va4JNofb97w6NYeF9S7W/kHNKM0Er8Dem5nqi4jeOLrVJDoE8tZEpnMJmtkvNbB1EIPPwHcdkF6b1oUA==",
      "dev": true,
      "license": "OFL-1.1",
      "funding": {
        "url": "https://github.com/sponsors/ayuhito"
      }
    },
    "node_modules/@fontsource-variable/inter-tight": {
      "version": "5.3.0",
      "resolved": "https://registry.npmjs.org/@fontsource-variable/inter-tight/-/inter-tight-5.3.0.tgz",
      "integrity": "sha512-ZhZZ29sNZ15P1K+cUt13GeBRYON0akgmNiftshUeDLos7X7zGcRgPzt434879Xhq1QbwlW3M/apBMk7jWabwvA==",
      "dev": true,
      "license": "OFL-1.1",
      "funding": {
        "url": "https://github.com/sponsors/ayuhito"
      }
    },
    "node_modules/@fontsource/anton": {
      "version": "5.3.0",
      "resolved": "https://registry.npmjs.org/@fontsource/anton/-/anton-5.3.0.tgz",
      "integrity": "sha512-OR1D5n124n2XRs66SbX7IjcOSptljEJE8FcDNnlni2y1/M6KpTx7cU2PIWzTSsBj4WFkHPw24On8qw3qkQZuTw==",
      "dev": true,
      "license": "OFL-1.1",
      "funding": {
        "url": "https://github.com/sponsors/ayuhito"
      }
    },
    "node_modules/@fontsource/bebas-neue": {
      "version": "5.3.0",
      "resolved": "https://registry.npmjs.org/@fontsource/bebas-neue/-/bebas-neue-5.3.0.tgz",
      "integrity": "sha512-nCxMEb9Bg9sjNWm9TIOsvHKDMLRUfEZPWpLgYu6m9KavZZVSA/WoHzI5wROwqA+eNwEi/PNBAcB5Co7HA3S0Cw==",
      "dev": true,
      "license": "OFL-1.1",
      "funding": {
        "url": "https://github.com/sponsors/ayuhito"
      }
    },
    "node_modules/@fontsource/fraunces": {
      "version": "5.3.0",
      "resolved": "https://registry.npmjs.org/@fontsource/fraunces/-/fraunces-5.3.0.tgz",
      "integrity": "sha512-LEHTOBiZufQzAvnAe2rZ8ZknbDS28Q9kzwb0L+gZJEmjLGr8hhZ/5NuHXwDuHBWhVXYoiGGXmrb0H6Ko/RrHTg==",
      "dev": true,
      "license": "OFL-1.1",
      "funding": {
        "url": "https://github.com/sponsors/ayuhito"
      }
    },
    "node_modules/@fontsource/instrument-serif": {
      "version": "5.3.0",
      "resolved": "https://registry.npmjs.org/@fontsource/instrument-serif/-/instrument-serif-5.3.0.tgz",
      "integrity": "sha512-mDiaIg0u67sYV59fie92Wz4sM8UiVlbL7fLxnFPCKkX15DMASEnQTREbaP5S5/3DCcsoAOcQ0sV9E4AeY4QqYQ==",
      "dev": true,
      "license": "OFL-1.1",
      "funding": {
        "url": "https://github.com/sponsors/ayuhito"
      }
    },
    "node_modules/@fontsource/jetbrains-mono": {
      "version": "5.3.0",
      "resolved": "https://registry.npmjs.org/@fontsource/jetbrains-mono/-/jetbrains-mono-5.3.0.tgz",
      "integrity": "sha512-fqDfB5I9f1p1TV486aUgB9t8zP84P0O1FtQR5Ol9vjwPy+S+EIGlVYm1cvj2W5shcZMTg2nZFdVMoH5wFu8a1A==",
      "dev": true,
      "license": "OFL-1.1",
      "funding": {
        "url": "https://github.com/sponsors/ayuhito"
      }
    },
    "node_modules/@fontsource/league-gothic": {
      "version": "5.3.0",
      "resolved": "https://registry.npmjs.org/@fontsource/league-gothic/-/league-gothic-5.3.0.tgz",
      "integrity": "sha512-gqedetX+UlaiJgLiPnOzWGB1sY3OtNhS8YMjTy2D73AcsagIqpdIizssr1MStcUYf3D/zzanECuXawIgMGZxDg==",
      "dev": true,
      "license": "OFL-1.1",
      "funding": {
        "url": "https://github.com/sponsors/ayuhito"
      }
    },
    "node_modules/@fontsource/old-standard-tt": {
      "version": "5.3.0",
      "resolved": "https://registry.npmjs.org/@fontsource/old-standard-tt/-/old-standard-tt-5.3.0.tgz",
      "integrity": "sha512-9cXU8XWqw4Pz9/9Lf6Otf1GPc0y17d96/nP9tzs4PLlq1IFMIxXszL3OLldaoyAn5YGr1r+tIXr0rlbgIeCYrg==",
      "dev": true,
      "license": "OFL-1.1",
      "funding": {
        "url": "https://github.com/sponsors/ayuhito"
      }
    },
    "node_modules/@fontsource/playfair-display": {
      "version": "5.3.0",
      "resolved": "https://registry.npmjs.org/@fontsource/playfair-display/-/playfair-display-5.3.0.tgz",
      "integrity": "sha512-uJSABalvdWc10fEPppQjQocamT21LEyRfzzWfRfqbkPz+sRv+kKpYDKyluBUskvJREkJTos9epj1WjQROGu99Q==",
      "dev": true,
      "license": "OFL-1.1",
      "funding": {
        "url": "https://github.com/sponsors/ayuhito"
      }
    },
    "node_modules/@fontsource/space-grotesk": {
      "version": "5.3.0",
      "resolved": "https://registry.npmjs.org/@fontsource/space-grotesk/-/space-grotesk-5.3.0.tgz",
      "integrity": "sha512-ksnGizDPXIDuvqcTYTSrmZ+evx9sDlS8rp7+42BQ7wU+spt3twEoXfbJz672C+5CLg6VeUQwRy5RXshWb67LcQ==",
      "dev": true,
      "license": "OFL-1.1",
      "funding": {
        "url": "https://github.com/sponsors/ayuhito"
      }
    },
    "node_modules/@fontsource/special-elite": {
      "version": "5.3.0",
      "resolved": "https://registry.npmjs.org/@fontsource/special-elite/-/special-elite-5.3.0.tgz",
      "integrity": "sha512-fOQ9XU8m4KnqzcLibAXCxTsKzbxePNDjPqVss5GSMcPVCY1TuCv+Wq8gm1ebqIR6XS1rhMbQ7ECP9ocKVEEpTA==",
      "dev": true,
      "license": "Apache-2.0",
      "funding": {
        "url": "https://github.com/sponsors/ayuhito"
      }
    },
    "node_modules/@fontsource/syne": {
      "version": "5.3.0",
      "resolved": "https://registry.npmjs.org/@fontsource/syne/-/syne-5.3.0.tgz",
      "integrity": "sha512-kRWNVsrdYw+08I4EM1SYPe2JovdTzUI0kMVALVRsKmjRdkrVoun1qddSlDAglz5J9LbgUpJSkWmw6BYnmKdGuw==",
      "dev": true,
      "license": "OFL-1.1",
      "funding": {
        "url": "https://github.com/sponsors/ayuhito"
      }
    },
    "node_modules/@fontsource/unbounded": {
      "version": "5.3.0",
      "resolved": "https://registry.npmjs.org/@fontsource/unbounded/-/unbounded-5.3.0.tgz",
      "integrity": "sha512-pPD6hsTnjoQRr6pCsqMHbHBfauB4LZygCNQEUJHu+CO2wzDFHqELEFSG7sTwo5Z5Gr4q3OK0fIILOXBJDv6lcw==",
      "dev": true,
      "license": "OFL-1.1",
      "funding": {
        "url": "https://github.com/sponsors/ayuhito"
      }
    },
    "node_modules/fsevents": {
      "version": "2.3.2",
      "resolved": "https://registry.npmjs.org/fsevents/-/fsevents-2.3.2.tgz",
      "integrity": "sha512-xiqMQR4xAeHTuB9uWm+fFRcIOgKBMiOBP+eXiyT7jsgVCq1bkVygt00oASowB7EdtpOHaaPgKt812P9ab+DDKA==",
      "dev": true,
      "hasInstallScript": true,
      "license": "MIT",
      "optional": true,
      "os": [
        "darwin"
      ],
      "engines": {
        "node": "^8.16.0 || ^10.6.0 || >=11.0.0"
      }
    },
    "node_modules/playwright": {
      "version": "1.56.1",
      "resolved": "https://registry.npmjs.org/playwright/-/playwright-1.56.1.tgz",
      "integrity": "sha512-aFi5B0WovBHTEvpM3DzXTUaeN6eN0qWnTkKx4NQaH4Wvcmc153PdaY2UBdSYKaGYw+UyWXSVyxDUg5DoPEttjw==",
      "dev": true,
      "license": "Apache-2.0",
      "dependencies": {
        "playwright-core": "1.56.1"
      },
      "bin": {
        "playwright": "cli.js"
      },
      "engines": {
        "node": ">=18"
      },
      "optionalDependencies": {
        "fsevents": "2.3.2"
      }
    },
    "node_modules/playwright-core": {
      "version": "1.56.1",
      "resolved": "https://registry.npmjs.org/playwright-core/-/playwright-core-1.56.1.tgz",
      "integrity": "sha512-hutraynyn31F+Bifme+Ps9Vq59hKuUCz7H1kDOcBs+2oGguKkWTU50bBWrtz34OUWmIwpBTWDxaRPXrIXkgvmQ==",
      "dev": true,
      "license": "Apache-2.0",
      "bin": {
        "playwright-core": "cli.js"
      },
      "engines": {
        "node": ">=18"
      }
    },
    "node_modules/ws": {
      "version": "8.22.0",
      "resolved": "https://registry.npmjs.org/ws/-/ws-8.22.0.tgz",
      "integrity": "sha512-Ydggc987+RO0AnWtZ/7Wq9FtNvcrL1b/RO0ud9mWjUPgDrsAAwQSF51sm2hm1XofbU/4jkpGEsLFsZZxU+1DOg==",
      "dev": true,
      "license": "MIT",
      "engines": {
        "node": ">=10.0.0"
      },
      "peerDependencies": {
        "bufferutil": "^4.0.1",
        "utf-8-validate": ">=5.0.2"
      },
      "peerDependenciesMeta": {
        "bufferutil": {
          "optional": true
        },
        "utf-8-validate": {
          "optional": true
        }
      }
    }
  }
}
